
Microsoft Visual Studio Solution File, Format Version 12.00
# Visual Studio Version 17
VisualStudioVersion = 17.13.35818.85 d17.13
MinimumVisualStudioVersion = 10.0.40219.1
Project("{8BC9CEB8-8B4A-11D0-8D11-00A0C91BC942}") = "Day03", "Day03.vcxproj", "{499650CF-A32A-493E-858B-D967D77466AA}"
EndProject
Global
	GlobalSection(SolutionConfigurationPlatforms) = preSolution
		Debug|x64 = Debug|x64
		Debug|x86 = Debug|x86
		Release|x64 = Release|x64
		Release|x86 = Release|x86
	EndGlobalSection
	GlobalSection(ProjectConfigurationPlatforms) = postSolution
		{499650CF-A32A-493E-858B-D967D77466AA}.Debug|x64.ActiveCfg = Debug|x64
		{499650CF-A32A-493E-858B-D967D77466AA}.Debug|x64.Build.0 = Debug|x64
		{499650CF-A32A-493E-858B-D967D77466AA}.Debug|x86.ActiveCfg = Debug|Win32
		{499650CF-A32A-493E-858B-D967D77466AA}.Debug|x86.Build.0 = Debug|Win32
		{499650CF-A32A-493E-858B-D967D77466AA}.Release|x64.ActiveCfg = Release|x64
		{499650CF-A32A-493E-858B-D967D77466AA}.Release|x64.Build.0 = Release|x64
		{499650CF-A32A-493E-858B-D967D77466AA}.Release|x86.ActiveCfg = Release|Win32
		{499650CF-A32A-493E-858B-D967D77466AA}.Release|x86.Build.0 = Release|Win32
	EndGlobalSection
	GlobalSection(SolutionProperties) = preSolution
		HideSolutionNode = FALSE
	EndGlobalSection
	GlobalSection(ExtensibilityGlobals) = postSolution
		SolutionGuid = {1C2C82EF-6AAF-4731-9541-35CE90817217}
	EndGlobalSection
EndGlobal
